
Microsoft Visual Studio Solution File, Format Version 12.00
# Visual Studio Version 16
VisualStudioVersion = 16.0.34031.81
MinimumVisualStudioVersion = 10.0.40219.1
Project("{8BC9CEB8-8B4A-11D0-8D11-00A0C91BC942}") = "PR-03.3", "PR-03.3\PR-03.3.vcxproj", "{9F4850B4-E033-4950-8AE9-236B356E869D}"
EndProject
Global
	GlobalSection(SolutionConfigurationPlatforms) = preSolution
		Debug|x64 = Debug|x64
		Debug|x86 = Debug|x86
		Release|x64 = Release|x64
		Release|x86 = Release|x86
	EndGlobalSection
	GlobalSection(ProjectConfigurationPlatforms) = postSolution
		{9F4850B4-E033-4950-8AE9-236B356E869D}.Debug|x64.ActiveCfg = Debug|x64
		{9F4850B4-E033-4950-8AE9-236B356E869D}.Debug|x64.Build.0 = Debug|x64
		{9F4850B4-E033-4950-8AE9-236B356E869D}.Debug|x86.ActiveCfg = Debug|Win32
		{9F4850B4-E033-4950-8AE9-236B356E869D}.Debug|x86.Build.0 = Debug|Win32
		{9F4850B4-E033-4950-8AE9-236B356E869D}.Release|x64.ActiveCfg = Release|x64
		{9F4850B4-E033-4950-8AE9-236B356E869D}.Release|x64.Build.0 = Release|x64
		{9F4850B4-E033-4950-8AE9-236B356E869D}.Release|x86.ActiveCfg = Release|Win32
		{9F4850B4-E033-4950-8AE9-236B356E869D}.Release|x86.Build.0 = Release|Win32
	EndGlobalSection
	GlobalSection(SolutionProperties) = preSolution
		HideSolutionNode = FALSE
	EndGlobalSection
	GlobalSection(ExtensibilityGlobals) = postSolution
		SolutionGuid = {775C96F4-1A75-444D-869C-7D85C8CC92F8}
	EndGlobalSection
EndGlobal
